
Microsoft Visual Studio Solution File, Format Version 12.00
# Visual Studio Version 17
VisualStudioVersion = 17.4.33110.190
MinimumVisualStudioVersion = 10.0.40219.1
Project("{8BC9CEB8-8B4A-11D0-8D11-00A0C91BC942}") = "Mars-Accident", "Mars-Accident.vcxproj", "{EA78D9EF-BC35-4E41-8DA2-0EF8FCDA3620}"
EndProject
Global
	GlobalSection(SolutionConfigurationPlatforms) = preSolution
		Debug|x64 = Debug|x64
		Debug|x86 = Debug|x86
		Release|x64 = Release|x64
		Release|x86 = Release|x86
	EndGlobalSection
	GlobalSection(ProjectConfigurationPlatforms) = postSolution
		{EA78D9EF-BC35-4E41-8DA2-0EF8FCDA3620}.Debug|x64.ActiveCfg = Debug|x64
		{EA78D9EF-BC35-4E41-8DA2-0EF8FCDA3620}.Debug|x64.Build.0 = Debug|x64
		{EA78D9EF-BC35-4E41-8DA2-0EF8FCDA3620}.Debug|x86.ActiveCfg = Debug|Win32
		{EA78D9EF-BC35-4E41-8DA2-0EF8FCDA3620}.Debug|x86.Build.0 = Debug|Win32
		{EA78D9EF-BC35-4E41-8DA2-0EF8FCDA3620}.Release|x64.ActiveCfg = Release|x64
		{EA78D9EF-BC35-4E41-8DA2-0EF8FCDA3620}.Release|x64.Build.0 = Release|x64
		{EA78D9EF-BC35-4E41-8DA2-0EF8FCDA3620}.Release|x86.ActiveCfg = Release|Win32
		{EA78D9EF-BC35-4E41-8DA2-0EF8FCDA3620}.Release|x86.Build.0 = Release|Win32
	EndGlobalSection
	GlobalSection(SolutionProperties) = preSolution
		HideSolutionNode = FALSE
	EndGlobalSection
	GlobalSection(ExtensibilityGlobals) = postSolution
		SolutionGuid = {0FBFBC5E-FE91-4806-AFF0-04B6D336413A}
	EndGlobalSection
EndGlobal
